lockfileVersion: 5.3

specifiers:
  '@types/node': ^14.0.0
  monorepo-shared-assets: ^0.0.19
  tslib: ^1.10.0

dependencies:
  '@types/node': 14.17.14
  monorepo-shared-assets: link:../monorepo-shared-assets
  tslib: 1.10.0

packages:

  /@types/node/14.17.14:
    resolution: {integrity: sha512-rsAj2u8Xkqfc332iXV12SqIsjVi07H479bOP4q94NAcjzmAvapumEhuVIt53koEf7JFrpjgNKjBga5Pnn/GL8A==}
    dev: false

  /tslib/1.10.0:
    resolution: {integrity: sha512-qOebF53frne81cf0S9B41ByenJ3/IuH8yJKngAX35CmiZySA0khhkovshKK+jGCaMnVomla7gVlIcc3EvKPbTQ==}
    dev: false
